
Microsoft Visual Studio Solution File, Format Version 12.00
# Visual Studio Version 17
VisualStudioVersion = 17.8.34408.163
MinimumVisualStudioVersion = 10.0.40219.1
Project("{9A19103F-16F7-4668-BE54-9A1E7A4F7556}") = "RestarauntHomeTaste", "RestarauntHomeTaste\RestarauntHomeTaste.csproj", "{F4E427B8-0FF2-4420-BCA9-42DDCBE9B172}"
EndProject
Global
	GlobalSection(SolutionConfigurationPlatforms) = preSolution
		Debug|Any CPU = Debug|Any CPU
		Release|Any CPU = Release|Any CPU
	EndGlobalSection
	GlobalSection(ProjectConfigurationPlatforms) = postSolution
		{F4E427B8-0FF2-4420-BCA9-42DDCBE9B172}.Debug|Any CPU.ActiveCfg = Debug|Any CPU
		{F4E427B8-0FF2-4420-BCA9-42DDCBE9B172}.Debug|Any CPU.Build.0 = Debug|Any CPU
		{F4E427B8-0FF2-4420-BCA9-42DDCBE9B172}.Release|Any CPU.ActiveCfg = Release|Any CPU
		{F4E427B8-0FF2-4420-BCA9-42DDCBE9B172}.Release|Any CPU.Build.0 = Release|Any CPU
	EndGlobalSection
	GlobalSection(SolutionProperties) = preSolution
		HideSolutionNode = FALSE
	EndGlobalSection
	GlobalSection(ExtensibilityGlobals) = postSolution
		SolutionGuid = {14051E00-9C9F-42A2-BB6A-4BC0433853B3}
	EndGlobalSection
EndGlobal
